
Microsoft Visual Studio Solution File, Format Version 12.00
# Visual Studio Version 17
VisualStudioVersion = 17.11.35327.3
MinimumVisualStudioVersion = 10.0.40219.1
Project("{FAE04EC0-301F-11D3-BF4B-00C04F79EFBC}") = "Bank", "Bank\Bank.csproj", "{C826D461-2651-47ED-A00F-D09183D18716}"
EndProject
Project("{FAE04EC0-301F-11D3-BF4B-00C04F79EFBC}") = "BankTests", "BankTests\BankTests.csproj", "{445A1178-82E9-4718-AF12-C5922B3BED67}"
EndProject
Project("{FAE04EC0-301F-11D3-BF4B-00C04F79EFBC}") = "BankTests2", "BankTests2\BankTests2.csproj", "{F99CA92B-D368-4802-B4D0-D11E15F718E2}"
EndProject
Global
	GlobalSection(SolutionConfigurationPlatforms) = preSolution
		Debug|Any CPU = Debug|Any CPU
		Release|Any CPU = Release|Any CPU
	EndGlobalSection
	GlobalSection(ProjectConfigurationPlatforms) = postSolution
		{C826D461-2651-47ED-A00F-D09183D18716}.Debug|Any CPU.ActiveCfg = Debug|Any CPU
		{C826D461-2651-47ED-A00F-D09183D18716}.Debug|Any CPU.Build.0 = Debug|Any CPU
		{C826D461-2651-47ED-A00F-D09183D18716}.Release|Any CPU.ActiveCfg = Release|Any CPU
		{C826D461-2651-47ED-A00F-D09183D18716}.Release|Any CPU.Build.0 = Release|Any CPU
		{445A1178-82E9-4718-AF12-C5922B3BED67}.Debug|Any CPU.ActiveCfg = Debug|Any CPU
		{445A1178-82E9-4718-AF12-C5922B3BED67}.Debug|Any CPU.Build.0 = Debug|Any CPU
		{445A1178-82E9-4718-AF12-C5922B3BED67}.Release|Any CPU.ActiveCfg = Release|Any CPU
		{445A1178-82E9-4718-AF12-C5922B3BED67}.Release|Any CPU.Build.0 = Release|Any CPU
		{F99CA92B-D368-4802-B4D0-D11E15F718E2}.Debug|Any CPU.ActiveCfg = Debug|Any CPU
		{F99CA92B-D368-4802-B4D0-D11E15F718E2}.Debug|Any CPU.Build.0 = Debug|Any CPU
		{F99CA92B-D368-4802-B4D0-D11E15F718E2}.Release|Any CPU.ActiveCfg = Release|Any CPU
		{F99CA92B-D368-4802-B4D0-D11E15F718E2}.Release|Any CPU.Build.0 = Release|Any CPU
	EndGlobalSection
	GlobalSection(SolutionProperties) = preSolution
		HideSolutionNode = FALSE
	EndGlobalSection
	GlobalSection(ExtensibilityGlobals) = postSolution
		SolutionGuid = {ABF2B71F-EE67-46D2-A6D2-36D09D29A6E8}
	EndGlobalSection
EndGlobal
